
Microsoft Visual Studio Solution File, Format Version 12.00
# Visual Studio 2012
Project("{FAE04EC0-301F-11D3-BF4B-00C04F79EFBC}") = "DynamicLayerDemos", "DynamicLayerDemos\DynamicLayerDemos.csproj", "{BEC1E787-1657-4896-B8A5-19826893E1CD}"
EndProject
Project("{FAE04EC0-301F-11D3-BF4B-00C04F79EFBC}") = "DynamicLayerDemos.Web", "DynamicLayerDemos.Web\DynamicLayerDemos.Web.csproj", "{D1F25E39-4AFE-4AE0-8670-64E6EAA447CC}"
EndProject
Global
	GlobalSection(SolutionConfigurationPlatforms) = preSolution
		Debug|Any CPU = Debug|Any CPU
		Release|Any CPU = Release|Any CPU
	EndGlobalSection
	GlobalSection(ProjectConfigurationPlatforms) = postSolution
		{BEC1E787-1657-4896-B8A5-19826893E1CD}.Debug|Any CPU.ActiveCfg = Debug|Any CPU
		{BEC1E787-1657-4896-B8A5-19826893E1CD}.Debug|Any CPU.Build.0 = Debug|Any CPU
		{BEC1E787-1657-4896-B8A5-19826893E1CD}.Release|Any CPU.ActiveCfg = Release|Any CPU
		{BEC1E787-1657-4896-B8A5-19826893E1CD}.Release|Any CPU.Build.0 = Release|Any CPU
		{D1F25E39-4AFE-4AE0-8670-64E6EAA447CC}.Debug|Any CPU.ActiveCfg = Debug|Any CPU
		{D1F25E39-4AFE-4AE0-8670-64E6EAA447CC}.Debug|Any CPU.Build.0 = Debug|Any CPU
		{D1F25E39-4AFE-4AE0-8670-64E6EAA447CC}.Release|Any CPU.ActiveCfg = Release|Any CPU
		{D1F25E39-4AFE-4AE0-8670-64E6EAA447CC}.Release|Any CPU.Build.0 = Release|Any CPU
	EndGlobalSection
	GlobalSection(SolutionProperties) = preSolution
		HideSolutionNode = FALSE
	EndGlobalSection
EndGlobal
